{
  "name": "ComiCap",
  "lockfileVersion": 3,
  "requires": true,
  "packages": {
    "": {
      "dependencies": {
        "@fortawesome/fontawesome-free": "^6.7.0"
      }
    },
    "node_modules/@fortawesome/fontawesome-free": {
      "version": "6.7.0",
      "resolved": "https://registry.npmjs.org/@fortawesome/fontawesome-free/-/fontawesome-free-6.7.0.tgz",
      "integrity": "sha512-lXTP8oiLGM97Aqjn47nod9awKe574HRfCngFizr7FiHTadKTiPkoVn0Mzg+tZBLD1XpE4CRvcF7/UM3g1jyVYw==",
      "engines": {
        "node": ">=6"
      }
    }
  }
}
